
Microsoft Visual Studio Solution File, Format Version 12.00
# Visual Studio 2013
VisualStudioVersion = 12.0.31101.0
MinimumVisualStudioVersion = 10.0.40219.1
Project("{FAE04EC0-301F-11D3-BF4B-00C04F79EFBC}") = "MultipleOfANumberWithoutDivisionOrModulo", "MultipleOfANumberWithoutDivisionOrModulo\MultipleOfANumberWithoutDivisionOrModulo.csproj", "{5CE45BA0-6B2F-4933-AA47-B71D7D32FA24}"
EndProject
Global
	GlobalSection(SolutionConfigurationPlatforms) = preSolution
		Debug|Any CPU = Debug|Any CPU
		Release|Any CPU = Release|Any CPU
	EndGlobalSection
	GlobalSection(ProjectConfigurationPlatforms) = postSolution
		{5CE45BA0-6B2F-4933-AA47-B71D7D32FA24}.Debug|Any CPU.ActiveCfg = Debug|Any CPU
		{5CE45BA0-6B2F-4933-AA47-B71D7D32FA24}.Debug|Any CPU.Build.0 = Debug|Any CPU
		{5CE45BA0-6B2F-4933-AA47-B71D7D32FA24}.Release|Any CPU.ActiveCfg = Release|Any CPU
		{5CE45BA0-6B2F-4933-AA47-B71D7D32FA24}.Release|Any CPU.Build.0 = Release|Any CPU
	EndGlobalSection
	GlobalSection(SolutionProperties) = preSolution
		HideSolutionNode = FALSE
	EndGlobalSection
EndGlobal
