
Microsoft Visual Studio Solution File, Format Version 12.00
# Visual Studio 15
VisualStudioVersion = 15.0.26403.0
MinimumVisualStudioVersion = 10.0.40219.1
Project("{FAE04EC0-301F-11D3-BF4B-00C04F79EFBC}") = "Day 16 - Exceptions", "Day 16 - Exceptions\Day 16 - Exceptions.csproj", "{55C14C9F-A7F7-4C6F-841E-D7827984BD4E}"
EndProject
Global
	GlobalSection(SolutionConfigurationPlatforms) = preSolution
		Debug|Any CPU = Debug|Any CPU
		Release|Any CPU = Release|Any CPU
	EndGlobalSection
	GlobalSection(ProjectConfigurationPlatforms) = postSolution
		{55C14C9F-A7F7-4C6F-841E-D7827984BD4E}.Debug|Any CPU.ActiveCfg = Debug|Any CPU
		{55C14C9F-A7F7-4C6F-841E-D7827984BD4E}.Debug|Any CPU.Build.0 = Debug|Any CPU
		{55C14C9F-A7F7-4C6F-841E-D7827984BD4E}.Release|Any CPU.ActiveCfg = Release|Any CPU
		{55C14C9F-A7F7-4C6F-841E-D7827984BD4E}.Release|Any CPU.Build.0 = Release|Any CPU
	EndGlobalSection
	GlobalSection(SolutionProperties) = preSolution
		HideSolutionNode = FALSE
	EndGlobalSection
EndGlobal
