
Microsoft Visual Studio Solution File, Format Version 12.00
# Visual Studio 15
VisualStudioVersion = 15.0.26403.0
MinimumVisualStudioVersion = 10.0.40219.1
Project("{FAE04EC0-301F-11D3-BF4B-00C04F79EFBC}") = "Day 22 - Binary Search Trees", "Day 22 - Binary Search Trees\Day 22 - Binary Search Trees.csproj", "{75AC74F1-2CA3-4A05-886B-055A592A0786}"
EndProject
Global
	GlobalSection(SolutionConfigurationPlatforms) = preSolution
		Debug|Any CPU = Debug|Any CPU
		Release|Any CPU = Release|Any CPU
	EndGlobalSection
	GlobalSection(ProjectConfigurationPlatforms) = postSolution
		{75AC74F1-2CA3-4A05-886B-055A592A0786}.Debug|Any CPU.ActiveCfg = Debug|Any CPU
		{75AC74F1-2CA3-4A05-886B-055A592A0786}.Debug|Any CPU.Build.0 = Debug|Any CPU
		{75AC74F1-2CA3-4A05-886B-055A592A0786}.Release|Any CPU.ActiveCfg = Release|Any CPU
		{75AC74F1-2CA3-4A05-886B-055A592A0786}.Release|Any CPU.Build.0 = Release|Any CPU
	EndGlobalSection
	GlobalSection(SolutionProperties) = preSolution
		HideSolutionNode = FALSE
	EndGlobalSection
EndGlobal
